
Microsoft Visual Studio Solution File, Format Version 12.00
# Visual Studio 15
VisualStudioVersion = 15.0.27004.2009
MinimumVisualStudioVersion = 10.0.40219.1
Project("{FAE04EC0-301F-11D3-BF4B-00C04F79EFBC}") = "JushoLatLong", "JushoLatLong\JushoLatLong.csproj", "{7C9493B2-0CD8-4F8C-BC99-BDE548938F18}"
EndProject
Global
	GlobalSection(SolutionConfigurationPlatforms) = preSolution
		Debug|Any CPU = Debug|Any CPU
		Release|Any CPU = Release|Any CPU
	EndGlobalSection
	GlobalSection(ProjectConfigurationPlatforms) = postSolution
		{7C9493B2-0CD8-4F8C-BC99-BDE548938F18}.Debug|Any CPU.ActiveCfg = Debug|Any CPU
		{7C9493B2-0CD8-4F8C-BC99-BDE548938F18}.Debug|Any CPU.Build.0 = Debug|Any CPU
		{7C9493B2-0CD8-4F8C-BC99-BDE548938F18}.Release|Any CPU.ActiveCfg = Release|Any CPU
		{7C9493B2-0CD8-4F8C-BC99-BDE548938F18}.Release|Any CPU.Build.0 = Release|Any CPU
	EndGlobalSection
	GlobalSection(SolutionProperties) = preSolution
		HideSolutionNode = FALSE
	EndGlobalSection
	GlobalSection(ExtensibilityGlobals) = postSolution
		SolutionGuid = {70F97D48-10D8-4DBF-BD55-53E708E2C24A}
	EndGlobalSection
EndGlobal
